{
    "name": "aif",
    "version": "1.0.0",
    "lockfileVersion": 3,
    "requires": true,
    "packages": {
        "": {
            "name": "aif",
            "version": "1.0.0",
            "dependencies": {
                "atasnalar-bootstrap": "^1.0.28"
            }
        },
        "node_modules/atasnalar-bootstrap": {
            "version": "1.0.29",
            "resolved": "https://registry.npmjs.org/atasnalar-bootstrap/-/atasnalar-bootstrap-1.0.29.tgz",
            "integrity": "sha512-ggGgffuvgfxKMr90e2QWrmez0bkONS+byypU56KybNM4JAMYqPVNn3RLbOht7iGqPZOfftpq4j0yYMvKHddnTA=="
        }
    }
}
